
Microsoft Visual Studio Solution File, Format Version 12.00
# Visual Studio Version 17
VisualStudioVersion = 17.6.33829.357
MinimumVisualStudioVersion = 10.0.40219.1
Project("{9A19103F-16F7-4668-BE54-9A1E7A4F7556}") = "Lesson 1(Типы данных)", "ConsoleApp1\Lesson 1(Типы данных).csproj", "{EC234A34-1F40-4E28-9731-3B6162BE1587}"
EndProject
Project("{9A19103F-16F7-4668-BE54-9A1E7A4F7556}") = "Lesson 2(Преобразования типов)", "Lesson 2\Lesson 2(Преобразования типов).csproj", "{7DF8AF0A-A1E2-4ED4-B2C2-3533DC193A82}"
EndProject
Project("{FAE04EC0-301F-11D3-BF4B-00C04F79EFBC}") = "Lesson 3(Алгебра логики)", "Lesson 3\Lesson 3(Алгебра логики).csproj", "{3D7EAB9B-A982-4621-A8FD-E2A2A1EC753E}"
EndProject
Project("{FAE04EC0-301F-11D3-BF4B-00C04F79EFBC}") = "Lesson 4", "Lesson 4\Lesson 4.csproj", "{334A4887-2A45-4A97-8882-DFA5760467AE}"
EndProject
Global
	GlobalSection(SolutionConfigurationPlatforms) = preSolution
		Debug|Any CPU = Debug|Any CPU
		Release|Any CPU = Release|Any CPU
	EndGlobalSection
	GlobalSection(ProjectConfigurationPlatforms) = postSolution
		{EC234A34-1F40-4E28-9731-3B6162BE1587}.Debug|Any CPU.ActiveCfg = Debug|Any CPU
		{EC234A34-1F40-4E28-9731-3B6162BE1587}.Debug|Any CPU.Build.0 = Debug|Any CPU
		{EC234A34-1F40-4E28-9731-3B6162BE1587}.Release|Any CPU.ActiveCfg = Release|Any CPU
		{EC234A34-1F40-4E28-9731-3B6162BE1587}.Release|Any CPU.Build.0 = Release|Any CPU
		{7DF8AF0A-A1E2-4ED4-B2C2-3533DC193A82}.Debug|Any CPU.ActiveCfg = Debug|Any CPU
		{7DF8AF0A-A1E2-4ED4-B2C2-3533DC193A82}.Debug|Any CPU.Build.0 = Debug|Any CPU
		{7DF8AF0A-A1E2-4ED4-B2C2-3533DC193A82}.Release|Any CPU.ActiveCfg = Release|Any CPU
		{7DF8AF0A-A1E2-4ED4-B2C2-3533DC193A82}.Release|Any CPU.Build.0 = Release|Any CPU
		{3D7EAB9B-A982-4621-A8FD-E2A2A1EC753E}.Debug|Any CPU.ActiveCfg = Debug|Any CPU
		{3D7EAB9B-A982-4621-A8FD-E2A2A1EC753E}.Debug|Any CPU.Build.0 = Debug|Any CPU
		{3D7EAB9B-A982-4621-A8FD-E2A2A1EC753E}.Release|Any CPU.ActiveCfg = Release|Any CPU
		{3D7EAB9B-A982-4621-A8FD-E2A2A1EC753E}.Release|Any CPU.Build.0 = Release|Any CPU
		{334A4887-2A45-4A97-8882-DFA5760467AE}.Debug|Any CPU.ActiveCfg = Debug|Any CPU
		{334A4887-2A45-4A97-8882-DFA5760467AE}.Debug|Any CPU.Build.0 = Debug|Any CPU
		{334A4887-2A45-4A97-8882-DFA5760467AE}.Release|Any CPU.ActiveCfg = Release|Any CPU
		{334A4887-2A45-4A97-8882-DFA5760467AE}.Release|Any CPU.Build.0 = Release|Any CPU
	EndGlobalSection
	GlobalSection(SolutionProperties) = preSolution
		HideSolutionNode = FALSE
	EndGlobalSection
	GlobalSection(ExtensibilityGlobals) = postSolution
		SolutionGuid = {D088323B-E455-4E8F-858E-3F80B328D0C7}
	EndGlobalSection
EndGlobal
